
Microsoft Visual Studio Solution File, Format Version 12.00
# Visual Studio 2015
Project("{FAE04EC0-301F-11D3-BF4B-00C04F79EFBC}") = "Altar.Plugins", "Altar.Plugins.csproj", "{AC988D4D-EBD3-1B46-9693-28CA45D32AAF}"
EndProject
Project("{FAE04EC0-301F-11D3-BF4B-00C04F79EFBC}") = "Altar", "Altar.csproj", "{8B149AA8-741C-0A21-E555-801EB7C7EAE0}"
EndProject
Project("{FAE04EC0-301F-11D3-BF4B-00C04F79EFBC}") = "Altar.Editor", "Altar.Editor.csproj", "{CF4C9A0C-4AA7-11B9-835E-D0DBFF72790E}"
EndProject
Global
	GlobalSection(SolutionConfigurationPlatforms) = preSolution
		Debug|Any CPU = Debug|Any CPU
		Release|Any CPU = Release|Any CPU
	EndGlobalSection
	GlobalSection(ProjectConfigurationPlatforms) = postSolution
		{AC988D4D-EBD3-1B46-9693-28CA45D32AAF}.Debug|Any CPU.ActiveCfg = Debug|Any CPU
		{AC988D4D-EBD3-1B46-9693-28CA45D32AAF}.Debug|Any CPU.Build.0 = Debug|Any CPU
		{AC988D4D-EBD3-1B46-9693-28CA45D32AAF}.Release|Any CPU.ActiveCfg = Release|Any CPU
		{AC988D4D-EBD3-1B46-9693-28CA45D32AAF}.Release|Any CPU.Build.0 = Release|Any CPU
		{8B149AA8-741C-0A21-E555-801EB7C7EAE0}.Debug|Any CPU.ActiveCfg = Debug|Any CPU
		{8B149AA8-741C-0A21-E555-801EB7C7EAE0}.Debug|Any CPU.Build.0 = Debug|Any CPU
		{8B149AA8-741C-0A21-E555-801EB7C7EAE0}.Release|Any CPU.ActiveCfg = Release|Any CPU
		{8B149AA8-741C-0A21-E555-801EB7C7EAE0}.Release|Any CPU.Build.0 = Release|Any CPU
		{CF4C9A0C-4AA7-11B9-835E-D0DBFF72790E}.Debug|Any CPU.ActiveCfg = Debug|Any CPU
		{CF4C9A0C-4AA7-11B9-835E-D0DBFF72790E}.Debug|Any CPU.Build.0 = Debug|Any CPU
		{CF4C9A0C-4AA7-11B9-835E-D0DBFF72790E}.Release|Any CPU.ActiveCfg = Release|Any CPU
		{CF4C9A0C-4AA7-11B9-835E-D0DBFF72790E}.Release|Any CPU.Build.0 = Release|Any CPU
	EndGlobalSection
	GlobalSection(SolutionProperties) = preSolution
		HideSolutionNode = FALSE
	EndGlobalSection
EndGlobal
